# This file is generated by running "yarn install" inside your project.
# Manual changes might be lost - proceed with caution!

__metadata:
  version: 6
  cacheKey: 8

"as-bignum@npm:^0.2, as-bignum@npm:^0.2.23":
  version: 0.2.23
  resolution: "as-bignum@npm:0.2.23"
  checksum: 5a9c557784f257df3fd90ed4767adf2403d2771752c3de476fb0d2e27df372fa2951f1a64e5929cf72425895aebcdabe419de1ac6fba801f49e13084ca53e33e
  languageName: node
  linkType: hard

"as-buffers@npm:^0.1.3":
  version: 0.1.3
  resolution: "as-buffers@npm:0.1.3"
  checksum: 206f9506a7dd9714896836e6b07cce8eef54abd5a23f7fd8e19345a0ce64aa3fce639382176d0fad3d00e8f732ed0c412f55114e5ae8a66d21367d3c20a3e662
  languageName: node
  linkType: hard

"as-serde-scale@npm:^0.2":
  version: 0.2.0
  resolution: "as-serde-scale@npm:0.2.0"
  dependencies:
    as-bignum: ^0.2
    as-buffers: ^0.1.3
    as-serde: ^0.2.0
  checksum: ba5e0f312199ad61e2465f6109c446e7e8952cdfcbf1689a51c807d3b58cf43bfc3ac10f3dd0fc460bb31aecfe4519df6fc9a9bd0610dd16000ba79830f30148
  languageName: node
  linkType: hard

"as-serde-transform@npm:^0.2.0":
  version: 0.2.0
  resolution: "as-serde-transform@npm:0.2.0"
  dependencies:
    assemblyscript: ^0.19
    debug: ^4.3.2
    lodash: 4.17
    visitor-as: 0.8
  peerDependencies:
    assemblyscript: ^0.19
    visitor-as: 0.8
  checksum: d7641bbef83be7fa1d329564b96f1538a7eb4107f0ea7dc5815809c6e5cdb3acd750eb310bf510ed5757fd4d7d372d1a9aede4848f51afaeecfe9c50ff46356e
  languageName: node
  linkType: hard

"as-serde@npm:^0.2, as-serde@npm:^0.2.0":
  version: 0.2.0
  resolution: "as-serde@npm:0.2.0"
  dependencies:
    as-serde-transform: ^0.2.0
  checksum: 02ecdc5585640c367e7d38cca0877f94437c12e770b13102404fffb0af80a1df310ae762705ac37a00015e149cec8ddffcb1bb8ad64d6b6553f6e3e3ca33e1bc
  languageName: node
  linkType: hard

"ask-contract-metadata@npm:0.4.0":
  version: 0.4.0
  resolution: "ask-contract-metadata@npm:0.4.0"
  checksum: 280f704d390f292090583797faa288459ed246215a51cc7baf6b85fc41e38fb2be2e910ee7dc547dda6cc29e56bfcd5a172012ae948a562a51ee33509af32a24
  languageName: node
  linkType: hard

"ask-contract-runtime@npm:0.4.0":
  version: 0.4.0
  resolution: "ask-contract-runtime@npm:0.4.0"
  checksum: ec4cf9a2f7c9feb1110655ee969a9c6bd3ada768db0aef7c54adb998e2e12c84289176b8661f5f546e29159eba1d72ca6644038760079c603bde1dcc5811b607
  languageName: node
  linkType: hard

"ask-contract-runtime@patch:ask-contract-runtime@npm%3A0.4.0#./.yarn/patches/ask-contract-runtime-npm-0.4.0-3a1dc4e3ab.patch::locator=ask-demo%40workspace%3A.":
  version: 0.4.0
  resolution: "ask-contract-runtime@patch:ask-contract-runtime@npm%3A0.4.0#./.yarn/patches/ask-contract-runtime-npm-0.4.0-3a1dc4e3ab.patch::version=0.4.0&hash=f7cc8a&locator=ask-demo%40workspace%3A."
  checksum: b9caecd7924cc79c9ae216d0c07f42c63c2802040e64b3720d209f1b1dcac80b2a81f1c0a20cf4ff316b54be083489e5a0d84e145b166c771a41c03ad0dcdef7
  languageName: node
  linkType: hard

"ask-demo@workspace:.":
  version: 0.0.0-use.local
  resolution: "ask-demo@workspace:."
  dependencies:
    ask-lang: ^0.4.0
    ask-transform: ^0.4.0
    assemblyscript: ^0.19
  languageName: unknown
  linkType: soft

"ask-lang@npm:0.4.0":
  version: 0.4.0
  resolution: "ask-lang@npm:0.4.0"
  dependencies:
    as-bignum: ^0.2.23
    as-buffers: ^0.1.3
    as-serde: ^0.2
    as-serde-scale: ^0.2
    ask-contract-runtime: 0.4.0
  checksum: ba15c36758c7fd0fa007833ad9073eeb310b8a788efdb0383d40cf090a64015d6ee0ff785781c738dee5f9bef12508def5c0950ee059686a7734c851bdead09b
  languageName: node
  linkType: hard

"ask-lang@patch:ask-lang@npm%3A0.4.0#./.yarn/patches/ask-lang-npm-0.4.0-830b1190bb.patch::locator=ask-demo%40workspace%3A.":
  version: 0.4.0
  resolution: "ask-lang@patch:ask-lang@npm%3A0.4.0#./.yarn/patches/ask-lang-npm-0.4.0-830b1190bb.patch::version=0.4.0&hash=2bfd1f&locator=ask-demo%40workspace%3A."
  dependencies:
    as-bignum: ^0.2.23
    as-buffers: ^0.1.3
    as-serde: ^0.2
    as-serde-scale: ^0.2
    ask-contract-runtime: 0.4.0
  checksum: d8bdcb6914a568ae0b94053695566c1149379ec8f95d7c2f9911819abc579c29895de40a7c34b9068612d39228782121fda8c8c9e59a89415d8f48c3974a35de
  languageName: node
  linkType: hard

"ask-transform@npm:^0.4.0":
  version: 0.4.0
  resolution: "ask-transform@npm:0.4.0"
  dependencies:
    ask-contract-metadata: 0.4.0
    assemblyscript: ^0.19
    blakejs: ^1.1.0
    debug: ^4.3
    lodash: 4.17
    visitor-as: 0.8
  peerDependencies:
    assemblyscript: ^0.19
    visitor-as: 0.8
  checksum: 8dba81537663e7299d3f4b87e952adec62de29a4624a80c3aa87c127a18adcbc4af80473d270068d22e5f529c18e1910007359a03611a5745a7030d468156aea
  languageName: node
  linkType: hard

"assemblyscript@npm:^0.19":
  version: 0.19.23
  resolution: "assemblyscript@npm:0.19.23"
  dependencies:
    binaryen: 102.0.0-nightly.20211028
    long: ^5.2.0
    source-map-support: ^0.5.20
  bin:
    asc: bin/asc
    asinit: bin/asinit
  checksum: f5a5d808ccf5a5f5065c9690f67b74e8ab434d30c9dda688acaab92416ee296cdcae4b7a272ce1abd416e1e37e44aee61588713882c2638af037cf83c2ee933b
  languageName: node
  linkType: hard

"binaryen@npm:102.0.0-nightly.20211028":
  version: 102.0.0-nightly.20211028
  resolution: "binaryen@npm:102.0.0-nightly.20211028"
  bin:
    wasm-opt: bin/wasm-opt
  checksum: d360de0f21e35b73e868837278161ae0d3ccca4a2f87bd02c1cf28750ab355e3469a6a56664ca078f3ed5c2baade6575871b63cc61c9f98f101e55fbbe4ff024
  languageName: node
  linkType: hard

"blakejs@npm:^1.1.0":
  version: 1.2.1
  resolution: "blakejs@npm:1.2.1"
  checksum: d699ba116cfa21d0b01d12014a03e484dd76d483133e6dc9eb415aa70a119f08beb3bcefb8c71840106a00b542cba77383f8be60cd1f0d4589cb8afb922eefbe
  languageName: node
  linkType: hard

"buffer-from@npm:^1.0.0":
  version: 1.1.2
  resolution: "buffer-from@npm:1.1.2"
  checksum: 0448524a562b37d4d7ed9efd91685a5b77a50672c556ea254ac9a6d30e3403a517d8981f10e565db24e8339413b43c97ca2951f10e399c6125a0d8911f5679bb
  languageName: node
  linkType: hard

"debug@npm:^4.3, debug@npm:^4.3.2":
  version: 4.3.4
  resolution: "debug@npm:4.3.4"
  dependencies:
    ms: 2.1.2
  peerDependenciesMeta:
    supports-color:
      optional: true
  checksum: 3dbad3f94ea64f34431a9cbf0bafb61853eda57bff2880036153438f50fb5a84f27683ba0d8e5426bf41a8c6ff03879488120cf5b3a761e77953169c0600a708
  languageName: node
  linkType: hard

"lodash.clonedeep@npm:^4.5.0":
  version: 4.5.0
  resolution: "lodash.clonedeep@npm:4.5.0"
  checksum: 92c46f094b064e876a23c97f57f81fbffd5d760bf2d8a1c61d85db6d1e488c66b0384c943abee4f6af7debf5ad4e4282e74ff83177c9e63d8ff081a4837c3489
  languageName: node
  linkType: hard

"lodash@npm:4.17":
  version: 4.17.21
  resolution: "lodash@npm:4.17.21"
  checksum: eb835a2e51d381e561e508ce932ea50a8e5a68f4ebdd771ea240d3048244a8d13658acbd502cd4829768c56f2e16bdd4340b9ea141297d472517b83868e677f7
  languageName: node
  linkType: hard

"long@npm:^5.2.0":
  version: 5.2.1
  resolution: "long@npm:5.2.1"
  checksum: 9264da12d1b7df67e5aa6da4498144293caf1ad12e7f092efe4e9a2d32c53f0bbf7334f7cef997080a2a3af061142558ab366efa71698d98b1cdb883477445a7
  languageName: node
  linkType: hard

"ms@npm:2.1.2":
  version: 2.1.2
  resolution: "ms@npm:2.1.2"
  checksum: 673cdb2c3133eb050c745908d8ce632ed2c02d85640e2edb3ace856a2266a813b30c613569bf3354fdf4ea7d1a1494add3bfa95e2713baa27d0c2c71fc44f58f
  languageName: node
  linkType: hard

"source-map-support@npm:^0.5.20":
  version: 0.5.21
  resolution: "source-map-support@npm:0.5.21"
  dependencies:
    buffer-from: ^1.0.0
    source-map: ^0.6.0
  checksum: 43e98d700d79af1d36f859bdb7318e601dfc918c7ba2e98456118ebc4c4872b327773e5a1df09b0524e9e5063bb18f0934538eace60cca2710d1fa687645d137
  languageName: node
  linkType: hard

"source-map@npm:^0.6.0":
  version: 0.6.1
  resolution: "source-map@npm:0.6.1"
  checksum: 59ce8640cf3f3124f64ac289012c2b8bd377c238e316fb323ea22fbfe83da07d81e000071d7242cad7a23cd91c7de98e4df8830ec3f133cb6133a5f6e9f67bc2
  languageName: node
  linkType: hard

"ts-mixer@npm:^5.4.1":
  version: 5.4.1
  resolution: "ts-mixer@npm:5.4.1"
  checksum: 867b23ca960270214fe8a88c4f24447695998b015df770e4832525f24d3263c38f98201d9c8758bb70dbea2eb79b986305fb38f1f6f14404acf1629f96be08a1
  languageName: node
  linkType: hard

"visitor-as@npm:0.8":
  version: 0.8.0
  resolution: "visitor-as@npm:0.8.0"
  dependencies:
    lodash.clonedeep: ^4.5.0
    ts-mixer: ^5.4.1
  peerDependencies:
    assemblyscript: ^0.19.22
  checksum: ddcb2c3d9aa53181401133fe70f9f049ad887a1f3d46fcc50ce5d30c49420d001cb044045e5c9b2e2278881921c46247f03f3b13bc9ea1bcd8c57c6bd4562c64
  languageName: node
  linkType: hard
